
Microsoft Visual Studio Solution File, Format Version 12.00
# Visual Studio Version 17
VisualStudioVersion = 17.2.32526.322
MinimumVisualStudioVersion = 10.0.40219.1
Project("{FAE04EC0-301F-11D3-BF4B-00C04F79EFBC}") = "VisualNavExamples", "VisualNavExamples.csproj", "{F313D2B3-9FDB-4121-847D-0E813DE5C45D}"
EndProject
Project("{FAE04EC0-301F-11D3-BF4B-00C04F79EFBC}") = "UnitTestExamples", "..\UnitTestExamples\UnitTestExamples.csproj", "{42931F6F-8ED9-47C8-8154-D92D0D81785B}"
EndProject
Global
	GlobalSection(SolutionConfigurationPlatforms) = preSolution
		Debug|Any CPU = Debug|Any CPU
		Release|Any CPU = Release|Any CPU
	EndGlobalSection
	GlobalSection(ProjectConfigurationPlatforms) = postSolution
		{F313D2B3-9FDB-4121-847D-0E813DE5C45D}.Debug|Any CPU.ActiveCfg = Debug|Any CPU
		{F313D2B3-9FDB-4121-847D-0E813DE5C45D}.Debug|Any CPU.Build.0 = Debug|Any CPU
		{F313D2B3-9FDB-4121-847D-0E813DE5C45D}.Release|Any CPU.ActiveCfg = Release|Any CPU
		{F313D2B3-9FDB-4121-847D-0E813DE5C45D}.Release|Any CPU.Build.0 = Release|Any CPU
		{42931F6F-8ED9-47C8-8154-D92D0D81785B}.Debug|Any CPU.ActiveCfg = Debug|Any CPU
		{42931F6F-8ED9-47C8-8154-D92D0D81785B}.Debug|Any CPU.Build.0 = Debug|Any CPU
		{42931F6F-8ED9-47C8-8154-D92D0D81785B}.Release|Any CPU.ActiveCfg = Release|Any CPU
		{42931F6F-8ED9-47C8-8154-D92D0D81785B}.Release|Any CPU.Build.0 = Release|Any CPU
	EndGlobalSection
	GlobalSection(SolutionProperties) = preSolution
		HideSolutionNode = FALSE
	EndGlobalSection
	GlobalSection(ExtensibilityGlobals) = postSolution
		SolutionGuid = {361C7E30-AB8F-4995-8B31-99C684ECE1B3}
	EndGlobalSection
EndGlobal
